{
  "name": "hiverkiya/medium-common-project",
  "version": "1.0.0",
  "lockfileVersion": 3,
  "requires": true,
  "packages": {
    "": {
      "name": "hiverkiya/medium-common-project",
      "version": "1.0.0",
      "license": "ISC",
      "dependencies": {
        "typescript": "^5.8.3",
        "zod": "^3.22.4"
      }
    },
    "node_modules/typescript": {
      "version": "5.8.3",
      "resolved": "https://registry.npmjs.org/typescript/-/typescript-5.8.3.tgz",
      "integrity": "sha512-p1diW6TqL9L07nNxvRMM7hMMw4c5XOo/1ibL4aAIGmSAt9slTE1Xgw5KWuof2uTOvCg9BY7ZRi+GaF+7sfgPeQ==",
      "license": "Apache-2.0",
      "bin": {
        "tsc": "bin/tsc",
        "tsserver": "bin/tsserver"
      },
      "engines": {
        "node": ">=14.17"
      }
    },
    "node_modules/zod": {
      "version": "3.25.72",
      "resolved": "https://registry.npmjs.org/zod/-/zod-3.25.72.tgz",
      "integrity": "sha512-Cl+fe4dNL4XumOBNBsr0lHfA80PQiZXHI4xEMTEr8gt6aGz92t3lBA32e71j9+JeF/VAYvdfBnuwJs+BMx/BrA==",
      "license": "MIT",
      "funding": {
        "url": "https://github.com/sponsors/colinhacks"
      }
    }
  }
}
